// !$*UTF8*$!
{
	archiveVersion = 1;
	classes = {
	};
	objectVersion = 46;
	objects = {

/* Begin PBXBuildFile section */
		1D60589F0D05DD5A006BFB54 /* Foundation.framework in Frameworks */ = {isa = PBXBuildFile; fileRef = 1D30AB110D05D00D00671497 /* Foundation.framework */; };
		1DF5F4E00D08C38300B7A737 /* UIKit.framework in Frameworks */ = {isa = PBXBuildFile; fileRef = 1DF5F4DF0D08C38300B7A737 /* UIKit.framework */; };
		A08C78AE1ABB16A3000A8FD6 /* main.m in Sources */ = {isa = PBXBuildFile; fileRef = A08C78AC1ABB16A3000A8FD6 /* main.m */; };
		A08C78AF1ABB16A3000A8FD6 /* main.m in Sources */ = {isa = PBXBuildFile; fileRef = A08C78AC1ABB16A3000A8FD6 /* main.m */; };
		A08C78BC1ABB16CA000A8FD6 /* PGMidiAppDelegate_iOS.m in Sources */ = {isa = PBXBuildFile; fileRef = A08C78B41ABB16BB000A8FD6 /* PGMidiAppDelegate_iOS.m */; };
		A08C78BD1ABB16CB000A8FD6 /* PGMidiViewController_iOS.mm in Sources */ = {isa = PBXBuildFile; fileRef = A08C78B61ABB16BB000A8FD6 /* PGMidiViewController_iOS.mm */; };
		A08C78BE1ABB16CF000A8FD6 /* PGMidiAppDelegate_OSX.m in Sources */ = {isa = PBXBuildFile; fileRef = A08C78B91ABB16BB000A8FD6 /* PGMidiAppDelegate_OSX.m */; };
		A08C78BF1ABB16D1000A8FD6 /* PGMidiWindow_OSX.m in Sources */ = {isa = PBXBuildFile; fileRef = A08C78BB1ABB16BB000A8FD6 /* PGMidiWindow_OSX.m */; };
		A08C78D61ABB16DE000A8FD6 /* Entitlements.plist in Resources */ = {isa = PBXBuildFile; fileRef = A08C78C11ABB16DE000A8FD6 /* Entitlements.plist */; };
		A08C78D71ABB16DE000A8FD6 /* Entitlements.plist in Resources */ = {isa = PBXBuildFile; fileRef = A08C78C11ABB16DE000A8FD6 /* Entitlements.plist */; };
		A08C78D81ABB16DE000A8FD6 /* Default-568h@2x.png in Resources */ = {isa = PBXBuildFile; fileRef = A08C78C31ABB16DE000A8FD6 /* Default-568h@2x.png */; };
		A08C78DA1ABB16DE000A8FD6 /* Default.png in Resources */ = {isa = PBXBuildFile; fileRef = A08C78C41ABB16DE000A8FD6 /* Default.png */; };
		A08C78DC1ABB16DE000A8FD6 /* Icon-72.png in Resources */ = {isa = PBXBuildFile; fileRef = A08C78C51ABB16DE000A8FD6 /* Icon-72.png */; };
		A08C78DE1ABB16DE000A8FD6 /* Icon.png in Resources */ = {isa = PBXBuildFile; fileRef = A08C78C61ABB16DE000A8FD6 /* Icon.png */; };
		A08C78E61ABB16DE000A8FD6 /* MainWindow-iPhone.xib in Resources */ = {isa = PBXBuildFile; fileRef = A08C78CC1ABB16DE000A8FD6 /* MainWindow-iPhone.xib */; };
		A08C78E81ABB16DE000A8FD6 /* MainWindow.xib in Resources */ = {isa = PBXBuildFile; fileRef = A08C78CD1ABB16DE000A8FD6 /* MainWindow.xib */; };
		A08C78EA1ABB16DE000A8FD6 /* PGMidiViewController_iOS.xib in Resources */ = {isa = PBXBuildFile; fileRef = A08C78CE1ABB16DE000A8FD6 /* PGMidiViewController_iOS.xib */; };
		A08C78EC1ABB16DE000A8FD6 /* PGMidi.mm in Sources */ = {isa = PBXBuildFile; fileRef = A08C78D11ABB16DE000A8FD6 /* PGMidi.mm */; };
		A08C78ED1ABB16DE000A8FD6 /* PGMidi.mm in Sources */ = {isa = PBXBuildFile; fileRef = A08C78D11ABB16DE000A8FD6 /* PGMidi.mm */; };
		A08C78EE1ABB16DE000A8FD6 /* PGMidiAllSources.mm in Sources */ = {isa = PBXBuildFile; fileRef = A08C78D31ABB16DE000A8FD6 /* PGMidiAllSources.mm */; };
		A08C78EF1ABB16DE000A8FD6 /* PGMidiAllSources.mm in Sources */ = {isa = PBXBuildFile; fileRef = A08C78D31ABB16DE000A8FD6 /* PGMidiAllSources.mm */; };
		A08C78F01ABB16DE000A8FD6 /* PGMidiFind.mm in Sources */ = {isa = PBXBuildFile; fileRef = A08C78D51ABB16DE000A8FD6 /* PGMidiFind.mm */; };
		A08C78F11ABB16DE000A8FD6 /* PGMidiFind.mm in Sources */ = {isa = PBXBuildFile; fileRef = A08C78D51ABB16DE000A8FD6 /* PGMidiFind.mm */; };
		A08C78F31ABB170D000A8FD6 /* MainMenu.xib in Resources */ = {isa = PBXBuildFile; fileRef = A08C78F21ABB170D000A8FD6 /* MainMenu.xib */; };
		A0C6DC2F1AB7345F009F1EA1 /* CoreMIDI.framework in Frameworks */ = {isa = PBXBuildFile; fileRef = A0C6DC2E1AB7345F009F1EA1 /* CoreMIDI.framework */; };
		C1763E421266F0190032E953 /* CoreMIDI.framework in Frameworks */ = {isa = PBXBuildFile; fileRef = C1763E411266F0190032E953 /* CoreMIDI.framework */; settings = {ATTRIBUTES = (Weak, ); }; };
/* End PBXBuildFile section */

/* Begin PBXFileReference section */
		1D30AB110D05D00D00671497 /* Foundation.framework */ = {isa = PBXFileReference; lastKnownFileType = wrapper.framework; name = Foundation.framework; path = System/Library/Frameworks/Foundation.framework; sourceTree = SDKROOT; };
		1D6058910D05DD3D006BFB54 /* MidiMonitor.app */ = {isa = PBXFileReference; explicitFileType = wrapper.application; includeInIndex = 0; path = MidiMonitor.app; sourceTree = BUILT_PRODUCTS_DIR; };
		1DF5F4DF0D08C38300B7A737 /* UIKit.framework */ = {isa = PBXFileReference; lastKnownFileType = wrapper.framework; name = UIKit.framework; path = System/Library/Frameworks/UIKit.framework; sourceTree = SDKROOT; };
		288765A40DF7441C002DB57D /* CoreGraphics.framework */ = {isa = PBXFileReference; lastKnownFileType = wrapper.framework; name = CoreGraphics.framework; path = System/Library/Frameworks/CoreGraphics.framework; sourceTree = SDKROOT; };
		A08C78AC1ABB16A3000A8FD6 /* main.m */ = {isa = PBXFileReference; fileEncoding = 4; lastKnownFileType = sourcecode.c.objc; name = main.m; path = PGMidi/main.m; sourceTree = "<group>"; };
		A08C78AD1ABB16A3000A8FD6 /* Prefix.pch */ = {isa = PBXFileReference; fileEncoding = 4; lastKnownFileType = sourcecode.c.h; name = Prefix.pch; path = PGMidi/Prefix.pch; sourceTree = "<group>"; };
		A08C78B31ABB16BB000A8FD6 /* PGMidiAppDelegate_iOS.h */ = {isa = PBXFileReference; lastKnownFileType = sourcecode.c.h; path = PGMidiAppDelegate_iOS.h; sourceTree = "<group>"; };
		A08C78B41ABB16BB000A8FD6 /* PGMidiAppDelegate_iOS.m */ = {isa = PBXFileReference; lastKnownFileType = sourcecode.c.objc; path = PGMidiAppDelegate_iOS.m; sourceTree = "<group>"; };
		A08C78B51ABB16BB000A8FD6 /* PGMidiViewController_iOS.h */ = {isa = PBXFileReference; lastKnownFileType = sourcecode.c.h; path = PGMidiViewController_iOS.h; sourceTree = "<group>"; };
		A08C78B61ABB16BB000A8FD6 /* PGMidiViewController_iOS.mm */ = {isa = PBXFileReference; lastKnownFileType = sourcecode.cpp.objcpp; path = PGMidiViewController_iOS.mm; sourceTree = "<group>"; };
		A08C78B81ABB16BB000A8FD6 /* PGMidiAppDelegate_OSX.h */ = {isa = PBXFileReference; lastKnownFileType = sourcecode.c.h; path = PGMidiAppDelegate_OSX.h; sourceTree = "<group>"; };
		A08C78B91ABB16BB000A8FD6 /* PGMidiAppDelegate_OSX.m */ = {isa = PBXFileReference; lastKnownFileType = sourcecode.c.objc; path = PGMidiAppDelegate_OSX.m; sourceTree = "<group>"; };
		A08C78BA1ABB16BB000A8FD6 /* PGMidiWindow_OSX.h */ = {isa = PBXFileReference; lastKnownFileType = sourcecode.c.h; path = PGMidiWindow_OSX.h; sourceTree = "<group>"; };
		A08C78BB1ABB16BB000A8FD6 /* PGMidiWindow_OSX.m */ = {isa = PBXFileReference; lastKnownFileType = sourcecode.c.objc; path = PGMidiWindow_OSX.m; sourceTree = "<group>"; };
		A08C78C11ABB16DE000A8FD6 /* Entitlements.plist */ = {isa = PBXFileReference; fileEncoding = 4; lastKnownFileType = text.plist.xml; path = Entitlements.plist; sourceTree = "<group>"; };
		A08C78C31ABB16DE000A8FD6 /* Default-568h@2x.png */ = {isa = PBXFileReference; lastKnownFileType = image.png; path = "Default-568h@2x.png"; sourceTree = "<group>"; };
		A08C78C41ABB16DE000A8FD6 /* Default.png */ = {isa = PBXFileReference; lastKnownFileType = image.png; path = Default.png; sourceTree = "<group>"; };
		A08C78C51ABB16DE000A8FD6 /* Icon-72.png */ = {isa = PBXFileReference; lastKnownFileType = image.png; path = "Icon-72.png"; sourceTree = "<group>"; };
		A08C78C61ABB16DE000A8FD6 /* Icon.png */ = {isa = PBXFileReference; lastKnownFileType = image.png; path = Icon.png; sourceTree = "<group>"; };
		A08C78C71ABB16DE000A8FD6 /* PGMidi-Info-iOS.plist */ = {isa = PBXFileReference; fileEncoding = 4; lastKnownFileType = text.plist.xml; path = "PGMidi-Info-iOS.plist"; sourceTree = "<group>"; };
		A08C78C81ABB16DE000A8FD6 /* PGMidi-Info-OSX.plist */ = {isa = PBXFileReference; fileEncoding = 4; lastKnownFileType = text.plist.xml; path = "PGMidi-Info-OSX.plist"; sourceTree = "<group>"; };
		A08C78CC1ABB16DE000A8FD6 /* MainWindow-iPhone.xib */ = {isa = PBXFileReference; fileEncoding = 4; lastKnownFileType = file.xib; path = "MainWindow-iPhone.xib"; sourceTree = "<group>"; };
		A08C78CD1ABB16DE000A8FD6 /* MainWindow.xib */ = {isa = PBXFileReference; fileEncoding = 4; lastKnownFileType = file.xib; path = MainWindow.xib; sourceTree = "<group>"; };
		A08C78CE1ABB16DE000A8FD6 /* PGMidiViewController_iOS.xib */ = {isa = PBXFileReference; fileEncoding = 4; lastKnownFileType = file.xib; path = PGMidiViewController_iOS.xib; sourceTree = "<group>"; };
		A08C78D01ABB16DE000A8FD6 /* PGMidi.h */ = {isa = PBXFileReference; fileEncoding = 4; lastKnownFileType = sourcecode.c.h; path = PGMidi.h; sourceTree = "<group>"; };
		A08C78D11ABB16DE000A8FD6 /* PGMidi.mm */ = {isa = PBXFileReference; fileEncoding = 4; lastKnownFileType = sourcecode.cpp.objcpp; path = PGMidi.mm; sourceTree = "<group>"; };
		A08C78D21ABB16DE000A8FD6 /* PGMidiAllSources.h */ = {isa = PBXFileReference; fileEncoding = 4; lastKnownFileType = sourcecode.c.h; path = PGMidiAllSources.h; sourceTree = "<group>"; };
		A08C78D31ABB16DE000A8FD6 /* PGMidiAllSources.mm */ = {isa = PBXFileReference; fileEncoding = 4; lastKnownFileType = sourcecode.cpp.objcpp; path = PGMidiAllSources.mm; sourceTree = "<group>"; };
		A08C78D41ABB16DE000A8FD6 /* PGMidiFind.h */ = {isa = PBXFileReference; fileEncoding = 4; lastKnownFileType = sourcecode.c.h; path = PGMidiFind.h; sourceTree = "<group>"; };
		A08C78D51ABB16DE000A8FD6 /* PGMidiFind.mm */ = {isa = PBXFileReference; fileEncoding = 4; lastKnownFileType = sourcecode.cpp.objcpp; path = PGMidiFind.mm; sourceTree = "<group>"; };
		A08C78F21ABB170D000A8FD6 /* MainMenu.xib */ = {isa = PBXFileReference; fileEncoding = 4; lastKnownFileType = file.xib; path = MainMenu.xib; sourceTree = "<group>"; };
		A0C6DC081AB72940009F1EA1 /* PGMidi-OSX.app */ = {isa = PBXFileReference; explicitFileType = wrapper.application; includeInIndex = 0; path = "PGMidi-OSX.app"; sourceTree = BUILT_PRODUCTS_DIR; };
		A0C6DC2E1AB7345F009F1EA1 /* CoreMIDI.framework */ = {isa = PBXFileReference; lastKnownFileType = wrapper.framework; name = CoreMIDI.framework; path = Platforms/MacOSX.platform/Developer/SDKs/MacOSX10.9.sdk/System/Library/Frameworks/CoreMIDI.framework; sourceTree = DEVELOPER_DIR; };
		A0C6DCA61AB77727009F1EA1 /* AudioToolbox.framework */ = {isa = PBXFileReference; lastKnownFileType = wrapper.framework; name = AudioToolbox.framework; path = System/Library/Frameworks/AudioToolbox.framework; sourceTree = SDKROOT; };
		A0C6DCA81AB7772D009F1EA1 /* OpenAL.framework */ = {isa = PBXFileReference; lastKnownFileType = wrapper.framework; name = OpenAL.framework; path = System/Library/Frameworks/OpenAL.framework; sourceTree = SDKROOT; };
		A0C6DCAA1AB77738009F1EA1 /* AudioToolbox.framework */ = {isa = PBXFileReference; lastKnownFileType = wrapper.framework; name = AudioToolbox.framework; path = Platforms/MacOSX.platform/Developer/SDKs/MacOSX10.9.sdk/System/Library/Frameworks/AudioToolbox.framework; sourceTree = DEVELOPER_DIR; };
		A0C6DCAC1AB77740009F1EA1 /* OpenAL.framework */ = {isa = PBXFileReference; lastKnownFileType = wrapper.framework; name = OpenAL.framework; path = Platforms/MacOSX.platform/Developer/SDKs/MacOSX10.9.sdk/System/Library/Frameworks/OpenAL.framework; sourceTree = DEVELOPER_DIR; };
		A0C6DD0C1AB89120009F1EA1 /* AVFoundation.framework */ = {isa = PBXFileReference; lastKnownFileType = wrapper.framework; name = AVFoundation.framework; path = Platforms/MacOSX.platform/Developer/SDKs/MacOSX10.9.sdk/System/Library/Frameworks/AVFoundation.framework; sourceTree = DEVELOPER_DIR; };
		A0C6DD0E1AB89153009F1EA1 /* CoreAudio.framework */ = {isa = PBXFileReference; lastKnownFileType = wrapper.framework; name = CoreAudio.framework; path = Platforms/MacOSX.platform/Developer/SDKs/MacOSX10.9.sdk/System/Library/Frameworks/CoreAudio.framework; sourceTree = DEVELOPER_DIR; };
		A0C6DD101AB89166009F1EA1 /* AudioUnit.framework */ = {isa = PBXFileReference; lastKnownFileType = wrapper.framework; name = AudioUnit.framework; path = Platforms/MacOSX.platform/Developer/SDKs/MacOSX10.9.sdk/System/Library/Frameworks/AudioUnit.framework; sourceTree = DEVELOPER_DIR; };
		A0C6DD121AB8A1C3009F1EA1 /* AVFoundation.framework */ = {isa = PBXFileReference; lastKnownFileType = wrapper.framework; name = AVFoundation.framework; path = System/Library/Frameworks/AVFoundation.framework; sourceTree = SDKROOT; };
		A0C6DD141AB8A1CD009F1EA1 /* CoreAudio.framework */ = {isa = PBXFileReference; lastKnownFileType = wrapper.framework; name = CoreAudio.framework; path = System/Library/Frameworks/CoreAudio.framework; sourceTree = SDKROOT; };
		C139406114DF28FA0054551E /* README.md */ = {isa = PBXFileReference; fileEncoding = 4; lastKnownFileType = text; path = README.md; sourceTree = "<group>"; };
		C14323231A641EE600CEB4F5 /* PGMidi.podspec */ = {isa = PBXFileReference; lastKnownFileType = text; path = PGMidi.podspec; sourceTree = "<group>"; };
		C1763E411266F0190032E953 /* CoreMIDI.framework */ = {isa = PBXFileReference; lastKnownFileType = wrapper.framework; name = CoreMIDI.framework; path = System/Library/Frameworks/CoreMIDI.framework; sourceTree = SDKROOT; };
/* End PBXFileReference section */

/* Begin PBXFrameworksBuildPhase section */
		1D60588F0D05DD3D006BFB54 /* Frameworks */ = {
			isa = PBXFrameworksBuildPhase;
			buildActionMask = 2147483647;
			files = (
				1D60589F0D05DD5A006BFB54 /* Foundation.framework in Frameworks */,
				1DF5F4E00D08C38300B7A737 /* UIKit.framework in Frameworks */,
				C1763E421266F0190032E953 /* CoreMIDI.framework in Frameworks */,
			);
			runOnlyForDeploymentPostprocessing = 0;
		};
		A0C6DC051AB72940009F1EA1 /* Frameworks */ = {
			isa = PBXFrameworksBuildPhase;
			buildActionMask = 2147483647;
			files = (
				A0C6DC2F1AB7345F009F1EA1 /* CoreMIDI.framework in Frameworks */,
			);
			runOnlyForDeploymentPostprocessing = 0;
		};
/* End PBXFrameworksBuildPhase section */

/* Begin PBXGroup section */
		19C28FACFE9D520D11CA2CBB /* Products */ = {
			isa = PBXGroup;
			children = (
				1D6058910D05DD3D006BFB54 /* MidiMonitor.app */,
				A0C6DC081AB72940009F1EA1 /* PGMidi-OSX.app */,
			);
			name = Products;
			sourceTree = "<group>";
		};
		29B97314FDCFA39411CA2CEA /* CustomTemplate */ = {
			isa = PBXGroup;
			children = (
				C139406114DF28FA0054551E /* README.md */,
				C14323231A641EE600CEB4F5 /* PGMidi.podspec */,
				A08C78B11ABB16BB000A8FD6 /* UI */,
				A08C78C01ABB16DE000A8FD6 /* Resources */,
				A08C78CF1ABB16DE000A8FD6 /* Source */,
				A08C78B01ABB16A8000A8FD6 /* Supporting Files */,
				29B97323FDCFA39411CA2CEA /* Frameworks */,
				19C28FACFE9D520D11CA2CBB /* Products */,
			);
			name = CustomTemplate;
			sourceTree = "<group>";
		};
		29B97323FDCFA39411CA2CEA /* Frameworks */ = {
			isa = PBXGroup;
			children = (
				A0C6DD141AB8A1CD009F1EA1 /* CoreAudio.framework */,
				A0C6DD121AB8A1C3009F1EA1 /* AVFoundation.framework */,
				A0C6DD101AB89166009F1EA1 /* AudioUnit.framework */,
				A0C6DD0E1AB89153009F1EA1 /* CoreAudio.framework */,
				A0C6DD0C1AB89120009F1EA1 /* AVFoundation.framework */,
				A0C6DCAC1AB77740009F1EA1 /* OpenAL.framework */,
				A0C6DCAA1AB77738009F1EA1 /* AudioToolbox.framework */,
				A0C6DCA81AB7772D009F1EA1 /* OpenAL.framework */,
				A0C6DCA61AB77727009F1EA1 /* AudioToolbox.framework */,
				A0C6DC2E1AB7345F009F1EA1 /* CoreMIDI.framework */,
				1DF5F4DF0D08C38300B7A737 /* UIKit.framework */,
				1D30AB110D05D00D00671497 /* Foundation.framework */,
				288765A40DF7441C002DB57D /* CoreGraphics.framework */,
				C1763E411266F0190032E953 /* CoreMIDI.framework */,
			);
			name = Frameworks;
			sourceTree = "<group>";
		};
		A08C78B01ABB16A8000A8FD6 /* Supporting Files */ = {
			isa = PBXGroup;
			children = (
				A08C78AC1ABB16A3000A8FD6 /* main.m */,
				A08C78AD1ABB16A3000A8FD6 /* Prefix.pch */,
			);
			name = "Supporting Files";
			sourceTree = "<group>";
		};
		A08C78B11ABB16BB000A8FD6 /* UI */ = {
			isa = PBXGroup;
			children = (
				A08C78B21ABB16BB000A8FD6 /* iOS */,
				A08C78B71ABB16BB000A8FD6 /* OSX */,
			);
			name = UI;
			path = PGMidi/UI;
			sourceTree = "<group>";
		};
		A08C78B21ABB16BB000A8FD6 /* iOS */ = {
			isa = PBXGroup;
			children = (
				A08C78B31ABB16BB000A8FD6 /* PGMidiAppDelegate_iOS.h */,
				A08C78B41ABB16BB000A8FD6 /* PGMidiAppDelegate_iOS.m */,
				A08C78B51ABB16BB000A8FD6 /* PGMidiViewController_iOS.h */,
				A08C78B61ABB16BB000A8FD6 /* PGMidiViewController_iOS.mm */,
			);
			path = iOS;
			sourceTree = "<group>";
		};
		A08C78B71ABB16BB000A8FD6 /* OSX */ = {
			isa = PBXGroup;
			children = (
				A08C78B81ABB16BB000A8FD6 /* PGMidiAppDelegate_OSX.h */,
				A08C78B91ABB16BB000A8FD6 /* PGMidiAppDelegate_OSX.m */,
				A08C78BA1ABB16BB000A8FD6 /* PGMidiWindow_OSX.h */,
				A08C78BB1ABB16BB000A8FD6 /* PGMidiWindow_OSX.m */,
			);
			path = OSX;
			sourceTree = "<group>";
		};
		A08C78C01ABB16DE000A8FD6 /* Resources */ = {
			isa = PBXGroup;
			children = (
				A08C78C11ABB16DE000A8FD6 /* Entitlements.plist */,
				A08C78C71ABB16DE000A8FD6 /* PGMidi-Info-iOS.plist */,
				A08C78C81ABB16DE000A8FD6 /* PGMidi-Info-OSX.plist */,
				A08C78C21ABB16DE000A8FD6 /* Icons */,
				A08C78C91ABB16DE000A8FD6 /* XIBs */,
			);
			name = Resources;
			path = PGMidi/Resources;
			sourceTree = "<group>";
		};
		A08C78C21ABB16DE000A8FD6 /* Icons */ = {
			isa = PBXGroup;
			children = (
				A08C78C31ABB16DE000A8FD6 /* Default-568h@2x.png */,
				A08C78C41ABB16DE000A8FD6 /* Default.png */,
				A08C78C51ABB16DE000A8FD6 /* Icon-72.png */,
				A08C78C61ABB16DE000A8FD6 /* Icon.png */,
			);
			path = Icons;
			sourceTree = "<group>";
		};
		A08C78C91ABB16DE000A8FD6 /* XIBs */ = {
			isa = PBXGroup;
			children = (
				A08C78F21ABB170D000A8FD6 /* MainMenu.xib */,
				A08C78CC1ABB16DE000A8FD6 /* MainWindow-iPhone.xib */,
				A08C78CD1ABB16DE000A8FD6 /* MainWindow.xib */,
				A08C78CE1ABB16DE000A8FD6 /* PGMidiViewController_iOS.xib */,
			);
			path = XIBs;
			sourceTree = "<group>";
		};
		A08C78CF1ABB16DE000A8FD6 /* Source */ = {
			isa = PBXGroup;
			children = (
				A08C78D01ABB16DE000A8FD6 /* PGMidi.h */,
				A08C78D11ABB16DE000A8FD6 /* PGMidi.mm */,
				A08C78D21ABB16DE000A8FD6 /* PGMidiAllSources.h */,
				A08C78D31ABB16DE000A8FD6 /* PGMidiAllSources.mm */,
				A08C78D41ABB16DE000A8FD6 /* PGMidiFind.h */,
				A08C78D51ABB16DE000A8FD6 /* PGMidiFind.mm */,
			);
			name = Source;
			path = PGMidi/Source;
			sourceTree = "<group>";
		};
/* End PBXGroup section */

/* Begin PBXNativeTarget section */
		1D6058900D05DD3D006BFB54 /* PGMidi-iOS */ = {
			isa = PBXNativeTarget;
			buildConfigurationList = 1D6058960D05DD3E006BFB54 /* Build configuration list for PBXNativeTarget "PGMidi-iOS" */;
			buildPhases = (
				1D60588D0D05DD3D006BFB54 /* Resources */,
				1D60588E0D05DD3D006BFB54 /* Sources */,
				1D60588F0D05DD3D006BFB54 /* Frameworks */,
			);
			buildRules = (
			);
			dependencies = (
			);
			name = "PGMidi-iOS";
			productName = MidiMonitor;
			productReference = 1D6058910D05DD3D006BFB54 /* MidiMonitor.app */;
			productType = "com.apple.product-type.application";
		};
		A0C6DC071AB72940009F1EA1 /* PGMidi-OSX */ = {
			isa = PBXNativeTarget;
			buildConfigurationList = A0C6DC261AB72941009F1EA1 /* Build configuration list for PBXNativeTarget "PGMidi-OSX" */;
			buildPhases = (
				A0C6DC041AB72940009F1EA1 /* Sources */,
				A0C6DC051AB72940009F1EA1 /* Frameworks */,
				A0C6DC061AB72940009F1EA1 /* Resources */,
			);
			buildRules = (
			);
			dependencies = (
			);
			name = "PGMidi-OSX";
			productName = "MidiMonitor-OSX";
			productReference = A0C6DC081AB72940009F1EA1 /* PGMidi-OSX.app */;
			productType = "com.apple.product-type.application";
		};
/* End PBXNativeTarget section */

/* Begin PBXProject section */
		29B97313FDCFA39411CA2CEA /* Project object */ = {
			isa = PBXProject;
			attributes = {
				LastUpgradeCheck = 0610;
				TargetAttributes = {
					1D6058900D05DD3D006BFB54 = {
						DevelopmentTeam = UZDZ5UHYDL;
					};
					A0C6DC071AB72940009F1EA1 = {
						CreatedOnToolsVersion = 6.2;
						DevelopmentTeam = UZDZ5UHYDL;
					};
				};
			};
			buildConfigurationList = C01FCF4E08A954540054247B /* Build configuration list for PBXProject "PGMidi" */;
			compatibilityVersion = "Xcode 3.2";
			developmentRegion = English;
			hasScannedForEncodings = 1;
			knownRegions = (
				English,
				Japanese,
				French,
				German,
				Base,
				en,
			);
			mainGroup = 29B97314FDCFA39411CA2CEA /* CustomTemplate */;
			projectDirPath = "";
			projectRoot = "";
			targets = (
				1D6058900D05DD3D006BFB54 /* PGMidi-iOS */,
				A0C6DC071AB72940009F1EA1 /* PGMidi-OSX */,
			);
		};
/* End PBXProject section */

/* Begin PBXResourcesBuildPhase section */
		1D60588D0D05DD3D006BFB54 /* Resources */ = {
			isa = PBXResourcesBuildPhase;
			buildActionMask = 2147483647;
			files = (
				A08C78E81ABB16DE000A8FD6 /* MainWindow.xib in Resources */,
				A08C78DE1ABB16DE000A8FD6 /* Icon.png in Resources */,
				A08C78D61ABB16DE000A8FD6 /* Entitlements.plist in Resources */,
				A08C78EA1ABB16DE000A8FD6 /* PGMidiViewController_iOS.xib in Resources */,
				A08C78DC1ABB16DE000A8FD6 /* Icon-72.png in Resources */,
				A08C78D81ABB16DE000A8FD6 /* Default-568h@2x.png in Resources */,
				A08C78DA1ABB16DE000A8FD6 /* Default.png in Resources */,
				A08C78E61ABB16DE000A8FD6 /* MainWindow-iPhone.xib in Resources */,
			);
			runOnlyForDeploymentPostprocessing = 0;
		};
		A0C6DC061AB72940009F1EA1 /* Resources */ = {
			isa = PBXResourcesBuildPhase;
			buildActionMask = 2147483647;
			files = (
				A08C78D71ABB16DE000A8FD6 /* Entitlements.plist in Resources */,
				A08C78F31ABB170D000A8FD6 /* MainMenu.xib in Resources */,
			);
			runOnlyForDeploymentPostprocessing = 0;
		};
/* End PBXResourcesBuildPhase section */

/* Begin PBXSourcesBuildPhase section */
		1D60588E0D05DD3D006BFB54 /* Sources */ = {
			isa = PBXSourcesBuildPhase;
			buildActionMask = 2147483647;
			files = (
				A08C78AE1ABB16A3000A8FD6 /* main.m in Sources */,
				A08C78EE1ABB16DE000A8FD6 /* PGMidiAllSources.mm in Sources */,
				A08C78F01ABB16DE000A8FD6 /* PGMidiFind.mm in Sources */,
				A08C78BC1ABB16CA000A8FD6 /* PGMidiAppDelegate_iOS.m in Sources */,
				A08C78BD1ABB16CB000A8FD6 /* PGMidiViewController_iOS.mm in Sources */,
				A08C78EC1ABB16DE000A8FD6 /* PGMidi.mm in Sources */,
			);
			runOnlyForDeploymentPostprocessing = 0;
		};
		A0C6DC041AB72940009F1EA1 /* Sources */ = {
			isa = PBXSourcesBuildPhase;
			buildActionMask = 2147483647;
			files = (
				A08C78AF1ABB16A3000A8FD6 /* main.m in Sources */,
				A08C78EF1ABB16DE000A8FD6 /* PGMidiAllSources.mm in Sources */,
				A08C78F11ABB16DE000A8FD6 /* PGMidiFind.mm in Sources */,
				A08C78BE1ABB16CF000A8FD6 /* PGMidiAppDelegate_OSX.m in Sources */,
				A08C78BF1ABB16D1000A8FD6 /* PGMidiWindow_OSX.m in Sources */,
				A08C78ED1ABB16DE000A8FD6 /* PGMidi.mm in Sources */,
			);
			runOnlyForDeploymentPostprocessing = 0;
		};
/* End PBXSourcesBuildPhase section */

/* Begin XCBuildConfiguration section */
		1D6058940D05DD3E006BFB54 /* Debug */ = {
			isa = XCBuildConfiguration;
			buildSettings = {
				ALWAYS_SEARCH_USER_PATHS = NO;
				CLANG_WARN_OBJC_IMPLICIT_RETAIN_SELF = YES;
				CODE_SIGN_ENTITLEMENTS = PGMidi/Resources/Entitlements.plist;
				CODE_SIGN_IDENTITY = "iPhone Developer";
				"CODE_SIGN_IDENTITY[sdk=iphoneos*]" = "iPhone Developer";
				COPY_PHASE_STRIP = NO;
				GCC_DYNAMIC_NO_PIC = NO;
				GCC_OPTIMIZATION_LEVEL = 0;
				GCC_PRECOMPILE_PREFIX_HEADER = YES;
				GCC_PREFIX_HEADER = PGMidi/Prefix.pch;
				INFOPLIST_FILE = "PGMidi/Resources/PGMidi-Info-iOS.plist";
				IPHONEOS_DEPLOYMENT_TARGET = 6.0;
				PRODUCT_NAME = MidiMonitor;
				PROVISIONING_PROFILE = "";
				SDKROOT = iphoneos;
			};
			name = Debug;
		};
		1D6058950D05DD3E006BFB54 /* Release */ = {
			isa = XCBuildConfiguration;
			buildSettings = {
				ALWAYS_SEARCH_USER_PATHS = NO;
				CLANG_WARN_OBJC_IMPLICIT_RETAIN_SELF = YES;
				CODE_SIGN_ENTITLEMENTS = PGMidi/Resources/Entitlements.plist;
				CODE_SIGN_IDENTITY = "iPhone Developer";
				"CODE_SIGN_IDENTITY[sdk=iphoneos*]" = "iPhone Developer";
				COPY_PHASE_STRIP = YES;
				GCC_PRECOMPILE_PREFIX_HEADER = YES;
				GCC_PREFIX_HEADER = PGMidi/Prefix.pch;
				INFOPLIST_FILE = "PGMidi/Resources/PGMidi-Info-iOS.plist";
				IPHONEOS_DEPLOYMENT_TARGET = 6.0;
				PRODUCT_NAME = MidiMonitor;
				PROVISIONING_PROFILE = "";
				SDKROOT = iphoneos;
				VALIDATE_PRODUCT = YES;
			};
			name = Release;
		};
		A0C6DC221AB72941009F1EA1 /* Debug */ = {
			isa = XCBuildConfiguration;
			buildSettings = {
				ALWAYS_SEARCH_USER_PATHS = NO;
				ASSETCATALOG_COMPILER_APPICON_NAME = AppIcon;
				CLANG_CXX_LANGUAGE_STANDARD = "gnu++0x";
				CLANG_CXX_LIBRARY = "libc++";
				CLANG_ENABLE_MODULES = YES;
				CLANG_WARN_BOOL_CONVERSION = YES;
				CLANG_WARN_CONSTANT_CONVERSION = YES;
				CLANG_WARN_DIRECT_OBJC_ISA_USAGE = YES_ERROR;
				CLANG_WARN_EMPTY_BODY = YES;
				CLANG_WARN_ENUM_CONVERSION = YES;
				CLANG_WARN_INT_CONVERSION = YES;
				CLANG_WARN_OBJC_ROOT_CLASS = YES_ERROR;
				CLANG_WARN_UNREACHABLE_CODE = YES;
				CLANG_WARN__DUPLICATE_METHOD_MATCH = YES;
				CODE_SIGN_ENTITLEMENTS = PGMidi/Resources/Entitlements.plist;
				CODE_SIGN_IDENTITY = "";
				COMBINE_HIDPI_IMAGES = YES;
				COPY_PHASE_STRIP = NO;
				ENABLE_STRICT_OBJC_MSGSEND = YES;
				GCC_C_LANGUAGE_STANDARD = gnu99;
				GCC_DYNAMIC_NO_PIC = NO;
				GCC_OPTIMIZATION_LEVEL = 0;
				GCC_PREPROCESSOR_DEFINITIONS = (
					"DEBUG=1",
					"$(inherited)",
				);
				GCC_SYMBOLS_PRIVATE_EXTERN = NO;
				GCC_WARN_ABOUT_RETURN_TYPE = YES_ERROR;
				GCC_WARN_UNDECLARED_SELECTOR = YES;
				GCC_WARN_UNINITIALIZED_AUTOS = YES_AGGRESSIVE;
				GCC_WARN_UNUSED_FUNCTION = YES;
				INFOPLIST_FILE = "PGMidi/Resources/PGMidi-Info-OSX.plist";
				LD_RUNPATH_SEARCH_PATHS = "$(inherited) @executable_path/../Frameworks";
				MACOSX_DEPLOYMENT_TARGET = 10.9;
				MTL_ENABLE_DEBUG_INFO = YES;
				PRODUCT_NAME = "$(TARGET_NAME)";
				SDKROOT = macosx10.9;
			};
			name = Debug;
		};
		A0C6DC231AB72941009F1EA1 /* Release */ = {
			isa = XCBuildConfiguration;
			buildSettings = {
				ALWAYS_SEARCH_USER_PATHS = NO;
				ASSETCATALOG_COMPILER_APPICON_NAME = AppIcon;
				CLANG_CXX_LANGUAGE_STANDARD = "gnu++0x";
				CLANG_CXX_LIBRARY = "libc++";
				CLANG_ENABLE_MODULES = YES;
				CLANG_WARN_BOOL_CONVERSION = YES;
				CLANG_WARN_CONSTANT_CONVERSION = YES;
				CLANG_WARN_DIRECT_OBJC_ISA_USAGE = YES_ERROR;
				CLANG_WARN_EMPTY_BODY = YES;
				CLANG_WARN_ENUM_CONVERSION = YES;
				CLANG_WARN_INT_CONVERSION = YES;
				CLANG_WARN_OBJC_ROOT_CLASS = YES_ERROR;
				CLANG_WARN_UNREACHABLE_CODE = YES;
				CLANG_WARN__DUPLICATE_METHOD_MATCH = YES;
				CODE_SIGN_ENTITLEMENTS = PGMidi/Resources/Entitlements.plist;
				CODE_SIGN_IDENTITY = "";
				COMBINE_HIDPI_IMAGES = YES;
				COPY_PHASE_STRIP = NO;
				DEBUG_INFORMATION_FORMAT = "dwarf-with-dsym";
				ENABLE_NS_ASSERTIONS = NO;
				ENABLE_STRICT_OBJC_MSGSEND = YES;
				GCC_C_LANGUAGE_STANDARD = gnu99;
				GCC_WARN_ABOUT_RETURN_TYPE = YES_ERROR;
				GCC_WARN_UNDECLARED_SELECTOR = YES;
				GCC_WARN_UNINITIALIZED_AUTOS = YES_AGGRESSIVE;
				GCC_WARN_UNUSED_FUNCTION = YES;
				INFOPLIST_FILE = "PGMidi/Resources/PGMidi-Info-OSX.plist";
				LD_RUNPATH_SEARCH_PATHS = "$(inherited) @executable_path/../Frameworks";
				MACOSX_DEPLOYMENT_TARGET = 10.9;
				MTL_ENABLE_DEBUG_INFO = NO;
				PRODUCT_NAME = "$(TARGET_NAME)";
				SDKROOT = macosx10.9;
			};
			name = Release;
		};
		C01FCF4F08A954540054247B /* Debug */ = {
			isa = XCBuildConfiguration;
			buildSettings = {
				CLANG_ENABLE_OBJC_ARC = YES;
				CLANG_WARN_IMPLICIT_SIGN_CONVERSION = YES;
				CLANG_WARN_OBJC_IMPLICIT_ATOMIC_PROPERTIES = YES;
				CLANG_WARN_SUSPICIOUS_IMPLICIT_CONVERSION = YES;
				CODE_SIGN_ENTITLEMENTS = Resources/Entitlements.plist;
				"CODE_SIGN_IDENTITY[sdk=iphoneos*]" = "iPhone Developer";
				GCC_C_LANGUAGE_STANDARD = c99;
				GCC_WARN_64_TO_32_BIT_CONVERSION = YES;
				GCC_WARN_ABOUT_MISSING_NEWLINE = YES;
				GCC_WARN_ABOUT_RETURN_TYPE = YES;
				GCC_WARN_HIDDEN_VIRTUAL_FUNCTIONS = YES;
				GCC_WARN_INITIALIZER_NOT_FULLY_BRACKETED = YES;
				GCC_WARN_NON_VIRTUAL_DESTRUCTOR = YES;
				GCC_WARN_PEDANTIC = YES;
				GCC_WARN_SHADOW = YES;
				GCC_WARN_UNUSED_VARIABLE = YES;
				IPHONEOS_DEPLOYMENT_TARGET = 3.0;
				ONLY_ACTIVE_ARCH = YES;
				"PROVISIONING_PROFILE[sdk=iphoneos*]" = "";
				SDKROOT = iphoneos;
				TARGETED_DEVICE_FAMILY = "1,2";
				WARNING_CFLAGS = (
					"-Wno-variadic-macros",
					"-Wno-vla-extension",
					"-Wno-c99-extensions",
				);
			};
			name = Debug;
		};
		C01FCF5008A954540054247B /* Release */ = {
			isa = XCBuildConfiguration;
			buildSettings = {
				CLANG_ENABLE_OBJC_ARC = YES;
				CLANG_WARN_IMPLICIT_SIGN_CONVERSION = YES;
				CLANG_WARN_OBJC_IMPLICIT_ATOMIC_PROPERTIES = YES;
				CLANG_WARN_SUSPICIOUS_IMPLICIT_CONVERSION = YES;
				CODE_SIGN_ENTITLEMENTS = Resources/Entitlements.plist;
				"CODE_SIGN_IDENTITY[sdk=iphoneos*]" = "iPhone Developer";
				GCC_C_LANGUAGE_STANDARD = c99;
				GCC_WARN_64_TO_32_BIT_CONVERSION = YES;
				GCC_WARN_ABOUT_MISSING_NEWLINE = YES;
				GCC_WARN_ABOUT_RETURN_TYPE = YES;
				GCC_WARN_HIDDEN_VIRTUAL_FUNCTIONS = YES;
				GCC_WARN_INITIALIZER_NOT_FULLY_BRACKETED = YES;
				GCC_WARN_NON_VIRTUAL_DESTRUCTOR = YES;
				GCC_WARN_PEDANTIC = YES;
				GCC_WARN_SHADOW = YES;
				GCC_WARN_UNUSED_VARIABLE = YES;
				IPHONEOS_DEPLOYMENT_TARGET = 3.0;
				OTHER_CFLAGS = "-DNS_BLOCK_ASSERTIONS=1";
				"PROVISIONING_PROFILE[sdk=iphoneos*]" = "";
				SDKROOT = iphoneos;
				TARGETED_DEVICE_FAMILY = "1,2";
				WARNING_CFLAGS = (
					"-Wno-variadic-macros",
					"-Wno-vla-extension",
					"-Wno-c99-extensions",
				);
			};
			name = Release;
		};
/* End XCBuildConfiguration section */

/* Begin XCConfigurationList section */
		1D6058960D05DD3E006BFB54 /* Build configuration list for PBXNativeTarget "PGMidi-iOS" */ = {
			isa = XCConfigurationList;
			buildConfigurations = (
				1D6058940D05DD3E006BFB54 /* Debug */,
				1D6058950D05DD3E006BFB54 /* Release */,
			);
			defaultConfigurationIsVisible = 0;
			defaultConfigurationName = Release;
		};
		A0C6DC261AB72941009F1EA1 /* Build configuration list for PBXNativeTarget "PGMidi-OSX" */ = {
			isa = XCConfigurationList;
			buildConfigurations = (
				A0C6DC221AB72941009F1EA1 /* Debug */,
				A0C6DC231AB72941009F1EA1 /* Release */,
			);
			defaultConfigurationIsVisible = 0;
			defaultConfigurationName = Release;
		};
		C01FCF4E08A954540054247B /* Build configuration list for PBXProject "PGMidi" */ = {
			isa = XCConfigurationList;
			buildConfigurations = (
				C01FCF4F08A954540054247B /* Debug */,
				C01FCF5008A954540054247B /* Release */,
			);
			defaultConfigurationIsVisible = 0;
			defaultConfigurationName = Release;
		};
/* End XCConfigurationList section */
	};
	rootObject = 29B97313FDCFA39411CA2CEA /* Project object */;
}
